// !$*UTF8*$!
{
	archiveVersion = 1;
	classes = {
	};
	objectVersion = 46;
	objects = {

/* Begin PBXBuildFile section */
		5208A164177B9F5500B76980 /* Social.framework in Frameworks */ = {isa = PBXBuildFile; fileRef = 5208A163177B9F5500B76980 /* Social.framework */; };
		520A600E174DCF76002D32E3 /* CVTweetView.m in Sources */ = {isa = PBXBuildFile; fileRef = 520A600D174DCF75002D32E3 /* CVTweetView.m */; };
		520A6010174F2081002D32E3 /* Accounts.framework in Frameworks */ = {isa = PBXBuildFile; fileRef = 520A600F174F2081002D32E3 /* Accounts.framework */; };
		520A6012174F2090002D32E3 /* Twitter.framework in Frameworks */ = {isa = PBXBuildFile; fileRef = 520A6011174F2090002D32E3 /* Twitter.framework */; };
		5225D6DD17505E0F00706686 /* CVTweetTableViewController.m in Sources */ = {isa = PBXBuildFile; fileRef = 5225D6DC17505E0F00706686 /* CVTweetTableViewController.m */; };
		523F638817801A0900AEEEFE /* CVTweetTagView.m in Sources */ = {isa = PBXBuildFile; fileRef = 523F638717801A0900AEEEFE /* CVTweetTagView.m */; };
		523F63891785B2BF00AEEEFE /* OAServiceTicket.m in Sources */ = {isa = PBXBuildFile; fileRef = 529C1467176531C000E70C5F /* OAServiceTicket.m */; };
		525ACE5117659CC5005A5C3F /* Default-568h@2x.png in Resources */ = {isa = PBXBuildFile; fileRef = 525ACE5017659CC5005A5C3F /* Default-568h@2x.png */; };
		527B77351707CE68009D8187 /* UIKit.framework in Frameworks */ = {isa = PBXBuildFile; fileRef = 527B77341707CE68009D8187 /* UIKit.framework */; };
		527B77371707CE68009D8187 /* Foundation.framework in Frameworks */ = {isa = PBXBuildFile; fileRef = 527B77361707CE68009D8187 /* Foundation.framework */; };
		527B77391707CE68009D8187 /* CoreGraphics.framework in Frameworks */ = {isa = PBXBuildFile; fileRef = 527B77381707CE68009D8187 /* CoreGraphics.framework */; };
		527B773F1707CE68009D8187 /* InfoPlist.strings in Resources */ = {isa = PBXBuildFile; fileRef = 527B773D1707CE68009D8187 /* InfoPlist.strings */; };
		527B77411707CE68009D8187 /* main.m in Sources */ = {isa = PBXBuildFile; fileRef = 527B77401707CE68009D8187 /* main.m */; };
		527B77451707CE68009D8187 /* AppDelegate.m in Sources */ = {isa = PBXBuildFile; fileRef = 527B77441707CE68009D8187 /* AppDelegate.m */; };
		527B774D1707CE68009D8187 /* SenTestingKit.framework in Frameworks */ = {isa = PBXBuildFile; fileRef = 527B774C1707CE68009D8187 /* SenTestingKit.framework */; };
		527B774E1707CE68009D8187 /* UIKit.framework in Frameworks */ = {isa = PBXBuildFile; fileRef = 527B77341707CE68009D8187 /* UIKit.framework */; };
		527B774F1707CE68009D8187 /* Foundation.framework in Frameworks */ = {isa = PBXBuildFile; fileRef = 527B77361707CE68009D8187 /* Foundation.framework */; };
		527B77571707CE68009D8187 /* InfoPlist.strings in Resources */ = {isa = PBXBuildFile; fileRef = 527B77551707CE68009D8187 /* InfoPlist.strings */; };
		527B775A1707CE68009D8187 /* _chCommentViewerAppTests.m in Sources */ = {isa = PBXBuildFile; fileRef = 527B77591707CE68009D8187 /* _chCommentViewerAppTests.m */; };
		527B77721707D351009D8187 /* CVChannelListController.m in Sources */ = {isa = PBXBuildFile; fileRef = 527B77711707D351009D8187 /* CVChannelListController.m */; };
		529C1468176531C000E70C5F /* OAServiceTicket.m in Sources */ = {isa = PBXBuildFile; fileRef = 529C1467176531C000E70C5F /* OAServiceTicket.m */; };
		52FC14C1175A7EEC00A89F41 /* NSMutableURLRequest+Parameters.m in Sources */ = {isa = PBXBuildFile; fileRef = 52FC1499175A7EEC00A89F41 /* NSMutableURLRequest+Parameters.m */; };
		52FC14C2175A7EEC00A89F41 /* NSString+URLEncoding.m in Sources */ = {isa = PBXBuildFile; fileRef = 52FC149B175A7EEC00A89F41 /* NSString+URLEncoding.m */; };
		52FC14C3175A7EEC00A89F41 /* NSURL+Base.m in Sources */ = {isa = PBXBuildFile; fileRef = 52FC149D175A7EEC00A89F41 /* NSURL+Base.m */; };
		52FC14C4175A7EEC00A89F41 /* Base64Transcoder.c in Sources */ = {isa = PBXBuildFile; fileRef = 52FC149F175A7EEC00A89F41 /* Base64Transcoder.c */; };
		52FC14C5175A7EEC00A89F41 /* hmac.c in Sources */ = {isa = PBXBuildFile; fileRef = 52FC14A1175A7EEC00A89F41 /* hmac.c */; };
		52FC14C6175A7EEC00A89F41 /* sha1.c in Sources */ = {isa = PBXBuildFile; fileRef = 52FC14A3175A7EEC00A89F41 /* sha1.c */; };
		52FC14C9175A7EEC00A89F41 /* OAConsumer.m in Sources */ = {isa = PBXBuildFile; fileRef = 52FC14AA175A7EEC00A89F41 /* OAConsumer.m */; };
		52FC14CA175A7EEC00A89F41 /* OADataFetcher.m in Sources */ = {isa = PBXBuildFile; fileRef = 52FC14AC175A7EEC00A89F41 /* OADataFetcher.m */; };
		52FC14CB175A7EEC00A89F41 /* OAHMAC_SHA1SignatureProvider.m in Sources */ = {isa = PBXBuildFile; fileRef = 52FC14AE175A7EEC00A89F41 /* OAHMAC_SHA1SignatureProvider.m */; };
		52FC14CC175A7EEC00A89F41 /* OAMutableURLRequest.m in Sources */ = {isa = PBXBuildFile; fileRef = 52FC14B0175A7EEC00A89F41 /* OAMutableURLRequest.m */; };
		52FC14CF175A7EEC00A89F41 /* OARequestParameter.m in Sources */ = {isa = PBXBuildFile; fileRef = 52FC14B6175A7EEC00A89F41 /* OARequestParameter.m */; };
		52FC14D1175A7EEC00A89F41 /* OATestServer.rb in Resources */ = {isa = PBXBuildFile; fileRef = 52FC14BA175A7EEC00A89F41 /* OATestServer.rb */; };
		52FC14D2175A7EEC00A89F41 /* OAToken.m in Sources */ = {isa = PBXBuildFile; fileRef = 52FC14BC175A7EEC00A89F41 /* OAToken.m */; };
		52FC14D4175A7EEC00A89F41 /* README in Resources */ = {isa = PBXBuildFile; fileRef = 52FC14C0175A7EEC00A89F41 /* README */; };
		52FD0FD01708BA9F00C9CC34 /* CVAppController.m in Sources */ = {isa = PBXBuildFile; fileRef = 52FD0FCF1708BA9F00C9CC34 /* CVAppController.m */; };
		52FD0FD41708C2A300C9CC34 /* CVChannel.m in Sources */ = {isa = PBXBuildFile; fileRef = 52FD0FD31708C2A300C9CC34 /* CVChannel.m */; };
		52FD0FD71708E82B00C9CC34 /* CVChannelManager.m in Sources */ = {isa = PBXBuildFile; fileRef = 52FD0FD61708E82B00C9CC34 /* CVChannelManager.m */; };
		52FD0FDA1708EFC100C9CC34 /* CVChannelCell.m in Sources */ = {isa = PBXBuildFile; fileRef = 52FD0FD91708EFC100C9CC34 /* CVChannelCell.m */; };
		52FD0FDD1708F28F00C9CC34 /* CVChannelTable.m in Sources */ = {isa = PBXBuildFile; fileRef = 52FD0FDC1708F28F00C9CC34 /* CVChannelTable.m */; };
/* End PBXBuildFile section */

/* Begin PBXContainerItemProxy section */
		527B77501707CE68009D8187 /* PBXContainerItemProxy */ = {
			isa = PBXContainerItemProxy;
			containerPortal = 527B77271707CE68009D8187 /* Project object */;
			proxyType = 1;
			remoteGlobalIDString = 527B772F1707CE68009D8187;
			remoteInfo = 2chCommentViewerApp;
		};
/* End PBXContainerItemProxy section */

/* Begin PBXFileReference section */
		5208A163177B9F5500B76980 /* Social.framework */ = {isa = PBXFileReference; lastKnownFileType = wrapper.framework; name = Social.framework; path = System/Library/Frameworks/Social.framework; sourceTree = SDKROOT; };
		520A600C174DCF75002D32E3 /* CVTweetView.h */ = {isa = PBXFileReference; fileEncoding = 4; lastKnownFileType = sourcecode.c.h; path = CVTweetView.h; sourceTree = "<group>"; };
		520A600D174DCF75002D32E3 /* CVTweetView.m */ = {isa = PBXFileReference; fileEncoding = 4; lastKnownFileType = sourcecode.c.objc; path = CVTweetView.m; sourceTree = "<group>"; };
		520A600F174F2081002D32E3 /* Accounts.framework */ = {isa = PBXFileReference; lastKnownFileType = wrapper.framework; name = Accounts.framework; path = System/Library/Frameworks/Accounts.framework; sourceTree = SDKROOT; };
		520A6011174F2090002D32E3 /* Twitter.framework */ = {isa = PBXFileReference; lastKnownFileType = wrapper.framework; name = Twitter.framework; path = System/Library/Frameworks/Twitter.framework; sourceTree = SDKROOT; };
		5225D6DB17505E0F00706686 /* CVTweetTableViewController.h */ = {isa = PBXFileReference; fileEncoding = 4; lastKnownFileType = sourcecode.c.h; path = CVTweetTableViewController.h; sourceTree = "<group>"; };
		5225D6DC17505E0F00706686 /* CVTweetTableViewController.m */ = {isa = PBXFileReference; fileEncoding = 4; lastKnownFileType = sourcecode.c.objc; path = CVTweetTableViewController.m; sourceTree = "<group>"; };
		523F638617801A0900AEEEFE /* CVTweetTagView.h */ = {isa = PBXFileReference; fileEncoding = 4; lastKnownFileType = sourcecode.c.h; path = CVTweetTagView.h; sourceTree = "<group>"; };
		523F638717801A0900AEEEFE /* CVTweetTagView.m */ = {isa = PBXFileReference; fileEncoding = 4; lastKnownFileType = sourcecode.c.objc; path = CVTweetTagView.m; sourceTree = "<group>"; };
		525ACE5017659CC5005A5C3F /* Default-568h@2x.png */ = {isa = PBXFileReference; lastKnownFileType = image.png; path = "Default-568h@2x.png"; sourceTree = "<group>"; };
		527B77301707CE68009D8187 /* 2chCommentViewerApp.app */ = {isa = PBXFileReference; explicitFileType = wrapper.application; includeInIndex = 0; path = 2chCommentViewerApp.app; sourceTree = BUILT_PRODUCTS_DIR; };
		527B77341707CE68009D8187 /* UIKit.framework */ = {isa = PBXFileReference; lastKnownFileType = wrapper.framework; name = UIKit.framework; path = System/Library/Frameworks/UIKit.framework; sourceTree = SDKROOT; };
		527B77361707CE68009D8187 /* Foundation.framework */ = {isa = PBXFileReference; lastKnownFileType = wrapper.framework; name = Foundation.framework; path = System/Library/Frameworks/Foundation.framework; sourceTree = SDKROOT; };
		527B77381707CE68009D8187 /* CoreGraphics.framework */ = {isa = PBXFileReference; lastKnownFileType = wrapper.framework; name = CoreGraphics.framework; path = System/Library/Frameworks/CoreGraphics.framework; sourceTree = SDKROOT; };
		527B773C1707CE68009D8187 /* 2chCommentViewerApp-Info.plist */ = {isa = PBXFileReference; lastKnownFileType = text.plist.xml; path = "2chCommentViewerApp-Info.plist"; sourceTree = "<group>"; };
		527B773E1707CE68009D8187 /* en */ = {isa = PBXFileReference; lastKnownFileType = text.plist.strings; name = en; path = en.lproj/InfoPlist.strings; sourceTree = "<group>"; };
		527B77401707CE68009D8187 /* main.m */ = {isa = PBXFileReference; lastKnownFileType = sourcecode.c.objc; path = main.m; sourceTree = "<group>"; };
		527B77421707CE68009D8187 /* 2chCommentViewerApp-Prefix.pch */ = {isa = PBXFileReference; lastKnownFileType = sourcecode.c.h; path = "2chCommentViewerApp-Prefix.pch"; sourceTree = "<group>"; };
		527B77431707CE68009D8187 /* AppDelegate.h */ = {isa = PBXFileReference; lastKnownFileType = sourcecode.c.h; path = AppDelegate.h; sourceTree = "<group>"; };
		527B77441707CE68009D8187 /* AppDelegate.m */ = {isa = PBXFileReference; lastKnownFileType = sourcecode.c.objc; path = AppDelegate.m; sourceTree = "<group>"; };
		527B774B1707CE68009D8187 /* 2chCommentViewerAppTests.octest */ = {isa = PBXFileReference; explicitFileType = wrapper.cfbundle; includeInIndex = 0; path = 2chCommentViewerAppTests.octest; sourceTree = BUILT_PRODUCTS_DIR; };
		527B774C1707CE68009D8187 /* SenTestingKit.framework */ = {isa = PBXFileReference; lastKnownFileType = wrapper.framework; name = SenTestingKit.framework; path = Library/Frameworks/SenTestingKit.framework; sourceTree = DEVELOPER_DIR; };
		527B77541707CE68009D8187 /* 2chCommentViewerAppTests-Info.plist */ = {isa = PBXFileReference; lastKnownFileType = text.plist.xml; path = "2chCommentViewerAppTests-Info.plist"; sourceTree = "<group>"; };
		527B77561707CE68009D8187 /* en */ = {isa = PBXFileReference; lastKnownFileType = text.plist.strings; name = en; path = en.lproj/InfoPlist.strings; sourceTree = "<group>"; };
		527B77581707CE68009D8187 /* _chCommentViewerAppTests.h */ = {isa = PBXFileReference; lastKnownFileType = sourcecode.c.h; path = _chCommentViewerAppTests.h; sourceTree = "<group>"; };
		527B77591707CE68009D8187 /* _chCommentViewerAppTests.m */ = {isa = PBXFileReference; lastKnownFileType = sourcecode.c.objc; path = _chCommentViewerAppTests.m; sourceTree = "<group>"; };
		527B77701707D351009D8187 /* CVChannelListController.h */ = {isa = PBXFileReference; fileEncoding = 4; lastKnownFileType = sourcecode.c.h; name = CVChannelListController.h; path = ../CVChannelListController.h; sourceTree = "<group>"; };
		527B77711707D351009D8187 /* CVChannelListController.m */ = {isa = PBXFileReference; fileEncoding = 4; lastKnownFileType = sourcecode.c.objc; name = CVChannelListController.m; path = ../CVChannelListController.m; sourceTree = "<group>"; };
		529C1466176531C000E70C5F /* OAServiceTicket.h */ = {isa = PBXFileReference; fileEncoding = 4; lastKnownFileType = sourcecode.c.h; path = OAServiceTicket.h; sourceTree = "<group>"; };
		529C1467176531C000E70C5F /* OAServiceTicket.m */ = {isa = PBXFileReference; fileEncoding = 4; lastKnownFileType = sourcecode.c.objc; path = OAServiceTicket.m; sourceTree = "<group>"; };
		52FC1498175A7EEC00A89F41 /* NSMutableURLRequest+Parameters.h */ = {isa = PBXFileReference; fileEncoding = 4; lastKnownFileType = sourcecode.c.h; path = "NSMutableURLRequest+Parameters.h"; sourceTree = "<group>"; };
		52FC1499175A7EEC00A89F41 /* NSMutableURLRequest+Parameters.m */ = {isa = PBXFileReference; fileEncoding = 4; lastKnownFileType = sourcecode.c.objc; path = "NSMutableURLRequest+Parameters.m"; sourceTree = "<group>"; };
		52FC149A175A7EEC00A89F41 /* NSString+URLEncoding.h */ = {isa = PBXFileReference; fileEncoding = 4; lastKnownFileType = sourcecode.c.h; path = "NSString+URLEncoding.h"; sourceTree = "<group>"; };
		52FC149B175A7EEC00A89F41 /* NSString+URLEncoding.m */ = {isa = PBXFileReference; fileEncoding = 4; lastKnownFileType = sourcecode.c.objc; path = "NSString+URLEncoding.m"; sourceTree = "<group>"; };
		52FC149C175A7EEC00A89F41 /* NSURL+Base.h */ = {isa = PBXFileReference; fileEncoding = 4; lastKnownFileType = sourcecode.c.h; path = "NSURL+Base.h"; sourceTree = "<group>"; };
		52FC149D175A7EEC00A89F41 /* NSURL+Base.m */ = {isa = PBXFileReference; fileEncoding = 4; lastKnownFileType = sourcecode.c.objc; path = "NSURL+Base.m"; sourceTree = "<group>"; };
		52FC149F175A7EEC00A89F41 /* Base64Transcoder.c */ = {isa = PBXFileReference; fileEncoding = 4; lastKnownFileType = sourcecode.c.c; path = Base64Transcoder.c; sourceTree = "<group>"; };
		52FC14A0175A7EEC00A89F41 /* Base64Transcoder.h */ = {isa = PBXFileReference; fileEncoding = 4; lastKnownFileType = sourcecode.c.h; path = Base64Transcoder.h; sourceTree = "<group>"; };
		52FC14A1175A7EEC00A89F41 /* hmac.c */ = {isa = PBXFileReference; fileEncoding = 4; lastKnownFileType = sourcecode.c.c; path = hmac.c; sourceTree = "<group>"; };
		52FC14A2175A7EEC00A89F41 /* hmac.h */ = {isa = PBXFileReference; fileEncoding = 4; lastKnownFileType = sourcecode.c.h; path = hmac.h; sourceTree = "<group>"; };
		52FC14A3175A7EEC00A89F41 /* sha1.c */ = {isa = PBXFileReference; fileEncoding = 4; lastKnownFileType = sourcecode.c.c; path = sha1.c; sourceTree = "<group>"; };
		52FC14A4175A7EEC00A89F41 /* sha1.h */ = {isa = PBXFileReference; fileEncoding = 4; lastKnownFileType = sourcecode.c.h; path = sha1.h; sourceTree = "<group>"; };
		52FC14A9175A7EEC00A89F41 /* OAConsumer.h */ = {isa = PBXFileReference; fileEncoding = 4; lastKnownFileType = sourcecode.c.h; path = OAConsumer.h; sourceTree = "<group>"; };
		52FC14AA175A7EEC00A89F41 /* OAConsumer.m */ = {isa = PBXFileReference; fileEncoding = 4; lastKnownFileType = sourcecode.c.objc; path = OAConsumer.m; sourceTree = "<group>"; };
		52FC14AB175A7EEC00A89F41 /* OADataFetcher.h */ = {isa = PBXFileReference; fileEncoding = 4; lastKnownFileType = sourcecode.c.h; path = OADataFetcher.h; sourceTree = "<group>"; };
		52FC14AC175A7EEC00A89F41 /* OADataFetcher.m */ = {isa = PBXFileReference; fileEncoding = 4; lastKnownFileType = sourcecode.c.objc; path = OADataFetcher.m; sourceTree = "<group>"; };
		52FC14AD175A7EEC00A89F41 /* OAHMAC_SHA1SignatureProvider.h */ = {isa = PBXFileReference; fileEncoding = 4; lastKnownFileType = sourcecode.c.h; path = OAHMAC_SHA1SignatureProvider.h; sourceTree = "<group>"; };
		52FC14AE175A7EEC00A89F41 /* OAHMAC_SHA1SignatureProvider.m */ = {isa = PBXFileReference; fileEncoding = 4; lastKnownFileType = sourcecode.c.objc; path = OAHMAC_SHA1SignatureProvider.m; sourceTree = "<group>"; };
		52FC14AF175A7EEC00A89F41 /* OAMutableURLRequest.h */ = {isa = PBXFileReference; fileEncoding = 4; lastKnownFileType = sourcecode.c.h; path = OAMutableURLRequest.h; sourceTree = "<group>"; };
		52FC14B0175A7EEC00A89F41 /* OAMutableURLRequest.m */ = {isa = PBXFileReference; fileEncoding = 4; lastKnownFileType = sourcecode.c.objc; path = OAMutableURLRequest.m; sourceTree = "<group>"; };
		52FC14B5175A7EEC00A89F41 /* OARequestParameter.h */ = {isa = PBXFileReference; fileEncoding = 4; lastKnownFileType = sourcecode.c.h; path = OARequestParameter.h; sourceTree = "<group>"; };
		52FC14B6175A7EEC00A89F41 /* OARequestParameter.m */ = {isa = PBXFileReference; fileEncoding = 4; lastKnownFileType = sourcecode.c.objc; path = OARequestParameter.m; sourceTree = "<group>"; };
		52FC14B9175A7EEC00A89F41 /* OASignatureProviding.h */ = {isa = PBXFileReference; fileEncoding = 4; lastKnownFileType = sourcecode.c.h; path = OASignatureProviding.h; sourceTree = "<group>"; };
		52FC14BA175A7EEC00A89F41 /* OATestServer.rb */ = {isa = PBXFileReference; fileEncoding = 4; lastKnownFileType = text.script.ruby; path = OATestServer.rb; sourceTree = "<group>"; };
		52FC14BB175A7EEC00A89F41 /* OAToken.h */ = {isa = PBXFileReference; fileEncoding = 4; lastKnownFileType = sourcecode.c.h; path = OAToken.h; sourceTree = "<group>"; };
		52FC14BC175A7EEC00A89F41 /* OAToken.m */ = {isa = PBXFileReference; fileEncoding = 4; lastKnownFileType = sourcecode.c.objc; path = OAToken.m; sourceTree = "<group>"; };
		52FC14C0175A7EEC00A89F41 /* README */ = {isa = PBXFileReference; fileEncoding = 4; lastKnownFileType = text; path = README; sourceTree = "<group>"; };
		52FD0FCE1708BA9F00C9CC34 /* CVAppController.h */ = {isa = PBXFileReference; fileEncoding = 4; lastKnownFileType = sourcecode.c.h; name = CVAppController.h; path = ../CVAppController.h; sourceTree = "<group>"; };
		52FD0FCF1708BA9F00C9CC34 /* CVAppController.m */ = {isa = PBXFileReference; fileEncoding = 4; lastKnownFileType = sourcecode.c.objc; name = CVAppController.m; path = ../CVAppController.m; sourceTree = "<group>"; };
		52FD0FD21708C2A300C9CC34 /* CVChannel.h */ = {isa = PBXFileReference; fileEncoding = 4; lastKnownFileType = sourcecode.c.h; name = CVChannel.h; path = ../CVChannel.h; sourceTree = "<group>"; };
		52FD0FD31708C2A300C9CC34 /* CVChannel.m */ = {isa = PBXFileReference; fileEncoding = 4; lastKnownFileType = sourcecode.c.objc; name = CVChannel.m; path = ../CVChannel.m; sourceTree = "<group>"; };
		52FD0FD51708E82B00C9CC34 /* CVChannelManager.h */ = {isa = PBXFileReference; fileEncoding = 4; lastKnownFileType = sourcecode.c.h; name = CVChannelManager.h; path = ../CVChannelManager.h; sourceTree = "<group>"; };
		52FD0FD61708E82B00C9CC34 /* CVChannelManager.m */ = {isa = PBXFileReference; fileEncoding = 4; lastKnownFileType = sourcecode.c.objc; name = CVChannelManager.m; path = ../CVChannelManager.m; sourceTree = "<group>"; };
		52FD0FD81708EFC100C9CC34 /* CVChannelCell.h */ = {isa = PBXFileReference; fileEncoding = 4; lastKnownFileType = sourcecode.c.h; path = CVChannelCell.h; sourceTree = "<group>"; };
		52FD0FD91708EFC100C9CC34 /* CVChannelCell.m */ = {isa = PBXFileReference; fileEncoding = 4; lastKnownFileType = sourcecode.c.objc; path = CVChannelCell.m; sourceTree = "<group>"; };
		52FD0FDB1708F28E00C9CC34 /* CVChannelTable.h */ = {isa = PBXFileReference; fileEncoding = 4; lastKnownFileType = sourcecode.c.h; path = CVChannelTable.h; sourceTree = "<group>"; };
		52FD0FDC1708F28F00C9CC34 /* CVChannelTable.m */ = {isa = PBXFileReference; fileEncoding = 4; lastKnownFileType = sourcecode.c.objc; path = CVChannelTable.m; sourceTree = "<group>"; };
/* End PBXFileReference section */

/* Begin PBXFrameworksBuildPhase section */
		527B772D1707CE68009D8187 /* Frameworks */ = {
			isa = PBXFrameworksBuildPhase;
			buildActionMask = 2147483647;
			files = (
				5208A164177B9F5500B76980 /* Social.framework in Frameworks */,
				520A6012174F2090002D32E3 /* Twitter.framework in Frameworks */,
				520A6010174F2081002D32E3 /* Accounts.framework in Frameworks */,
				527B77351707CE68009D8187 /* UIKit.framework in Frameworks */,
				527B77371707CE68009D8187 /* Foundation.framework in Frameworks */,
				527B77391707CE68009D8187 /* CoreGraphics.framework in Frameworks */,
			);
			runOnlyForDeploymentPostprocessing = 0;
		};
		527B77471707CE68009D8187 /* Frameworks */ = {
			isa = PBXFrameworksBuildPhase;
			buildActionMask = 2147483647;
			files = (
				527B774D1707CE68009D8187 /* SenTestingKit.framework in Frameworks */,
				527B774E1707CE68009D8187 /* UIKit.framework in Frameworks */,
				527B774F1707CE68009D8187 /* Foundation.framework in Frameworks */,
			);
			runOnlyForDeploymentPostprocessing = 0;
		};
/* End PBXFrameworksBuildPhase section */

/* Begin PBXGroup section */
		527B77251707CE68009D8187 = {
			isa = PBXGroup;
			children = (
				5208A163177B9F5500B76980 /* Social.framework */,
				525ACE5017659CC5005A5C3F /* Default-568h@2x.png */,
				520A6011174F2090002D32E3 /* Twitter.framework */,
				520A600F174F2081002D32E3 /* Accounts.framework */,
				527B773A1707CE68009D8187 /* 2chCommentViewerApp */,
				527B77521707CE68009D8187 /* 2chCommentViewerAppTests */,
				527B77331707CE68009D8187 /* Frameworks */,
				527B77311707CE68009D8187 /* Products */,
			);
			sourceTree = "<group>";
		};
		527B77311707CE68009D8187 /* Products */ = {
			isa = PBXGroup;
			children = (
				527B77301707CE68009D8187 /* 2chCommentViewerApp.app */,
				527B774B1707CE68009D8187 /* 2chCommentViewerAppTests.octest */,
			);
			name = Products;
			sourceTree = "<group>";
		};
		527B77331707CE68009D8187 /* Frameworks */ = {
			isa = PBXGroup;
			children = (
				527B77341707CE68009D8187 /* UIKit.framework */,
				527B77361707CE68009D8187 /* Foundation.framework */,
				527B77381707CE68009D8187 /* CoreGraphics.framework */,
				527B774C1707CE68009D8187 /* SenTestingKit.framework */,
			);
			name = Frameworks;
			sourceTree = "<group>";
		};
		527B773A1707CE68009D8187 /* 2chCommentViewerApp */ = {
			isa = PBXGroup;
			children = (
				52FC1496175A7EEC00A89F41 /* oauthconsumer-master */,
				5225D6DB17505E0F00706686 /* CVTweetTableViewController.h */,
				5225D6DC17505E0F00706686 /* CVTweetTableViewController.m */,
				523F638617801A0900AEEEFE /* CVTweetTagView.h */,
				523F638717801A0900AEEEFE /* CVTweetTagView.m */,
				520A600C174DCF75002D32E3 /* CVTweetView.h */,
				520A600D174DCF75002D32E3 /* CVTweetView.m */,
				52FD0FD81708EFC100C9CC34 /* CVChannelCell.h */,
				52FD0FD91708EFC100C9CC34 /* CVChannelCell.m */,
				52FD0FDB1708F28E00C9CC34 /* CVChannelTable.h */,
				52FD0FDC1708F28F00C9CC34 /* CVChannelTable.m */,
				52FD0FCE1708BA9F00C9CC34 /* CVAppController.h */,
				52FD0FCF1708BA9F00C9CC34 /* CVAppController.m */,
				52FD0FD51708E82B00C9CC34 /* CVChannelManager.h */,
				52FD0FD61708E82B00C9CC34 /* CVChannelManager.m */,
				52FD0FD21708C2A300C9CC34 /* CVChannel.h */,
				52FD0FD31708C2A300C9CC34 /* CVChannel.m */,
				527B77701707D351009D8187 /* CVChannelListController.h */,
				527B77711707D351009D8187 /* CVChannelListController.m */,
				527B77431707CE68009D8187 /* AppDelegate.h */,
				527B77441707CE68009D8187 /* AppDelegate.m */,
				527B773B1707CE68009D8187 /* Supporting Files */,
			);
			path = 2chCommentViewerApp;
			sourceTree = "<group>";
		};
		527B773B1707CE68009D8187 /* Supporting Files */ = {
			isa = PBXGroup;
			children = (
				527B773C1707CE68009D8187 /* 2chCommentViewerApp-Info.plist */,
				527B773D1707CE68009D8187 /* InfoPlist.strings */,
				527B77401707CE68009D8187 /* main.m */,
				527B77421707CE68009D8187 /* 2chCommentViewerApp-Prefix.pch */,
			);
			name = "Supporting Files";
			sourceTree = "<group>";
		};
		527B77521707CE68009D8187 /* 2chCommentViewerAppTests */ = {
			isa = PBXGroup;
			children = (
				527B77581707CE68009D8187 /* _chCommentViewerAppTests.h */,
				527B77591707CE68009D8187 /* _chCommentViewerAppTests.m */,
				527B77531707CE68009D8187 /* Supporting Files */,
			);
			path = 2chCommentViewerAppTests;
			sourceTree = "<group>";
		};
		527B77531707CE68009D8187 /* Supporting Files */ = {
			isa = PBXGroup;
			children = (
				527B77541707CE68009D8187 /* 2chCommentViewerAppTests-Info.plist */,
				527B77551707CE68009D8187 /* InfoPlist.strings */,
			);
			name = "Supporting Files";
			sourceTree = "<group>";
		};
		52FC1496175A7EEC00A89F41 /* oauthconsumer-master */ = {
			isa = PBXGroup;
			children = (
				52FC1497175A7EEC00A89F41 /* Categories */,
				52FC149E175A7EEC00A89F41 /* Crypto */,
				529C1466176531C000E70C5F /* OAServiceTicket.h */,
				529C1467176531C000E70C5F /* OAServiceTicket.m */,
				52FC14A9175A7EEC00A89F41 /* OAConsumer.h */,
				52FC14AA175A7EEC00A89F41 /* OAConsumer.m */,
				52FC14AB175A7EEC00A89F41 /* OADataFetcher.h */,
				52FC14AC175A7EEC00A89F41 /* OADataFetcher.m */,
				52FC14AD175A7EEC00A89F41 /* OAHMAC_SHA1SignatureProvider.h */,
				52FC14AE175A7EEC00A89F41 /* OAHMAC_SHA1SignatureProvider.m */,
				52FC14AF175A7EEC00A89F41 /* OAMutableURLRequest.h */,
				52FC14B0175A7EEC00A89F41 /* OAMutableURLRequest.m */,
				52FC14B5175A7EEC00A89F41 /* OARequestParameter.h */,
				52FC14B6175A7EEC00A89F41 /* OARequestParameter.m */,
				52FC14B9175A7EEC00A89F41 /* OASignatureProviding.h */,
				52FC14BA175A7EEC00A89F41 /* OATestServer.rb */,
				52FC14BB175A7EEC00A89F41 /* OAToken.h */,
				52FC14BC175A7EEC00A89F41 /* OAToken.m */,
				52FC14C0175A7EEC00A89F41 /* README */,
			);
			path = "oauthconsumer-master";
			sourceTree = "<group>";
		};
		52FC1497175A7EEC00A89F41 /* Categories */ = {
			isa = PBXGroup;
			children = (
				52FC1498175A7EEC00A89F41 /* NSMutableURLRequest+Parameters.h */,
				52FC1499175A7EEC00A89F41 /* NSMutableURLRequest+Parameters.m */,
				52FC149A175A7EEC00A89F41 /* NSString+URLEncoding.h */,
				52FC149B175A7EEC00A89F41 /* NSString+URLEncoding.m */,
				52FC149C175A7EEC00A89F41 /* NSURL+Base.h */,
				52FC149D175A7EEC00A89F41 /* NSURL+Base.m */,
			);
			path = Categories;
			sourceTree = "<group>";
		};
		52FC149E175A7EEC00A89F41 /* Crypto */ = {
			isa = PBXGroup;
			children = (
				52FC149F175A7EEC00A89F41 /* Base64Transcoder.c */,
				52FC14A0175A7EEC00A89F41 /* Base64Transcoder.h */,
				52FC14A1175A7EEC00A89F41 /* hmac.c */,
				52FC14A2175A7EEC00A89F41 /* hmac.h */,
				52FC14A3175A7EEC00A89F41 /* sha1.c */,
				52FC14A4175A7EEC00A89F41 /* sha1.h */,
			);
			path = Crypto;
			sourceTree = "<group>";
		};
/* End PBXGroup section */

/* Begin PBXNativeTarget section */
		527B772F1707CE68009D8187 /* 2chCommentViewerApp */ = {
			isa = PBXNativeTarget;
			buildConfigurationList = 527B775D1707CE68009D8187 /* Build configuration list for PBXNativeTarget "2chCommentViewerApp" */;
			buildPhases = (
				527B772C1707CE68009D8187 /* Sources */,
				527B772D1707CE68009D8187 /* Frameworks */,
				527B772E1707CE68009D8187 /* Resources */,
			);
			buildRules = (
			);
			dependencies = (
			);
			name = 2chCommentViewerApp;
			productName = 2chCommentViewerApp;
			productReference = 527B77301707CE68009D8187 /* 2chCommentViewerApp.app */;
			productType = "com.apple.product-type.application";
		};
		527B774A1707CE68009D8187 /* 2chCommentViewerAppTests */ = {
			isa = PBXNativeTarget;
			buildConfigurationList = 527B77601707CE68009D8187 /* Build configuration list for PBXNativeTarget "2chCommentViewerAppTests" */;
			buildPhases = (
				527B77461707CE68009D8187 /* Sources */,
				527B77471707CE68009D8187 /* Frameworks */,
				527B77481707CE68009D8187 /* Resources */,
				527B77491707CE68009D8187 /* ShellScript */,
			);
			buildRules = (
			);
			dependencies = (
				527B77511707CE68009D8187 /* PBXTargetDependency */,
			);
			name = 2chCommentViewerAppTests;
			productName = 2chCommentViewerAppTests;
			productReference = 527B774B1707CE68009D8187 /* 2chCommentViewerAppTests.octest */;
			productType = "com.apple.product-type.bundle";
		};
/* End PBXNativeTarget section */

/* Begin PBXProject section */
		527B77271707CE68009D8187 /* Project object */ = {
			isa = PBXProject;
			attributes = {
				LastUpgradeCheck = 0460;
				ORGANIZATIONNAME = unkoCopratiion;
			};
			buildConfigurationList = 527B772A1707CE68009D8187 /* Build configuration list for PBXProject "2chCommentViewerApp" */;
			compatibilityVersion = "Xcode 3.2";
			developmentRegion = English;
			hasScannedForEncodings = 0;
			knownRegions = (
				en,
			);
			mainGroup = 527B77251707CE68009D8187;
			productRefGroup = 527B77311707CE68009D8187 /* Products */;
			projectDirPath = "";
			projectRoot = "";
			targets = (
				527B772F1707CE68009D8187 /* 2chCommentViewerApp */,
				527B774A1707CE68009D8187 /* 2chCommentViewerAppTests */,
			);
		};
/* End PBXProject section */

/* Begin PBXResourcesBuildPhase section */
		527B772E1707CE68009D8187 /* Resources */ = {
			isa = PBXResourcesBuildPhase;
			buildActionMask = 2147483647;
			files = (
				527B773F1707CE68009D8187 /* InfoPlist.strings in Resources */,
				52FC14D1175A7EEC00A89F41 /* OATestServer.rb in Resources */,
				52FC14D4175A7EEC00A89F41 /* README in Resources */,
				525ACE5117659CC5005A5C3F /* Default-568h@2x.png in Resources */,
			);
			runOnlyForDeploymentPostprocessing = 0;
		};
		527B77481707CE68009D8187 /* Resources */ = {
			isa = PBXResourcesBuildPhase;
			buildActionMask = 2147483647;
			files = (
				527B77571707CE68009D8187 /* InfoPlist.strings in Resources */,
			);
			runOnlyForDeploymentPostprocessing = 0;
		};
/* End PBXResourcesBuildPhase section */

/* Begin PBXShellScriptBuildPhase section */
		527B77491707CE68009D8187 /* ShellScript */ = {
			isa = PBXShellScriptBuildPhase;
			buildActionMask = 2147483647;
			files = (
			);
			inputPaths = (
			);
			outputPaths = (
			);
			runOnlyForDeploymentPostprocessing = 0;
			shellPath = /bin/sh;
			shellScript = "# Run the unit tests in this test bundle.\n\"${SYSTEM_DEVELOPER_DIR}/Tools/RunUnitTests\"\n";
		};
/* End PBXShellScriptBuildPhase section */

/* Begin PBXSourcesBuildPhase section */
		527B772C1707CE68009D8187 /* Sources */ = {
			isa = PBXSourcesBuildPhase;
			buildActionMask = 2147483647;
			files = (
				523F63891785B2BF00AEEEFE /* OAServiceTicket.m in Sources */,
				527B77411707CE68009D8187 /* main.m in Sources */,
				527B77451707CE68009D8187 /* AppDelegate.m in Sources */,
				527B77721707D351009D8187 /* CVChannelListController.m in Sources */,
				52FD0FD01708BA9F00C9CC34 /* CVAppController.m in Sources */,
				52FD0FD41708C2A300C9CC34 /* CVChannel.m in Sources */,
				52FD0FD71708E82B00C9CC34 /* CVChannelManager.m in Sources */,
				52FD0FDA1708EFC100C9CC34 /* CVChannelCell.m in Sources */,
				52FD0FDD1708F28F00C9CC34 /* CVChannelTable.m in Sources */,
				520A600E174DCF76002D32E3 /* CVTweetView.m in Sources */,
				5225D6DD17505E0F00706686 /* CVTweetTableViewController.m in Sources */,
				52FC14C1175A7EEC00A89F41 /* NSMutableURLRequest+Parameters.m in Sources */,
				52FC14C2175A7EEC00A89F41 /* NSString+URLEncoding.m in Sources */,
				52FC14C3175A7EEC00A89F41 /* NSURL+Base.m in Sources */,
				52FC14C4175A7EEC00A89F41 /* Base64Transcoder.c in Sources */,
				52FC14C5175A7EEC00A89F41 /* hmac.c in Sources */,
				52FC14C6175A7EEC00A89F41 /* sha1.c in Sources */,
				52FC14C9175A7EEC00A89F41 /* OAConsumer.m in Sources */,
				52FC14CA175A7EEC00A89F41 /* OADataFetcher.m in Sources */,
				52FC14CB175A7EEC00A89F41 /* OAHMAC_SHA1SignatureProvider.m in Sources */,
				52FC14CC175A7EEC00A89F41 /* OAMutableURLRequest.m in Sources */,
				52FC14CF175A7EEC00A89F41 /* OARequestParameter.m in Sources */,
				52FC14D2175A7EEC00A89F41 /* OAToken.m in Sources */,
				523F638817801A0900AEEEFE /* CVTweetTagView.m in Sources */,
			);
			runOnlyForDeploymentPostprocessing = 0;
		};
		527B77461707CE68009D8187 /* Sources */ = {
			isa = PBXSourcesBuildPhase;
			buildActionMask = 2147483647;
			files = (
				527B775A1707CE68009D8187 /* _chCommentViewerAppTests.m in Sources */,
				529C1468176531C000E70C5F /* OAServiceTicket.m in Sources */,
			);
			runOnlyForDeploymentPostprocessing = 0;
		};
/* End PBXSourcesBuildPhase section */

/* Begin PBXTargetDependency section */
		527B77511707CE68009D8187 /* PBXTargetDependency */ = {
			isa = PBXTargetDependency;
			target = 527B772F1707CE68009D8187 /* 2chCommentViewerApp */;
			targetProxy = 527B77501707CE68009D8187 /* PBXContainerItemProxy */;
		};
/* End PBXTargetDependency section */

/* Begin PBXVariantGroup section */
		527B773D1707CE68009D8187 /* InfoPlist.strings */ = {
			isa = PBXVariantGroup;
			children = (
				527B773E1707CE68009D8187 /* en */,
			);
			name = InfoPlist.strings;
			sourceTree = "<group>";
		};
		527B77551707CE68009D8187 /* InfoPlist.strings */ = {
			isa = PBXVariantGroup;
			children = (
				527B77561707CE68009D8187 /* en */,
			);
			name = InfoPlist.strings;
			sourceTree = "<group>";
		};
/* End PBXVariantGroup section */

/* Begin XCBuildConfiguration section */
		527B775B1707CE68009D8187 /* Debug */ = {
			isa = XCBuildConfiguration;
			buildSettings = {
				ALWAYS_SEARCH_USER_PATHS = NO;
				ARCHS = "$(ARCHS_STANDARD_32_BIT)";
				CLANG_ENABLE_OBJC_ARC = YES;
				CLANG_WARN_CONSTANT_CONVERSION = YES;
				CLANG_WARN_ENUM_CONVERSION = YES;
				CLANG_WARN_INT_CONVERSION = YES;
				CLANG_WARN__DUPLICATE_METHOD_MATCH = YES;
				"CODE_SIGN_IDENTITY[sdk=iphoneos*]" = "iPhone Developer";
				COPY_PHASE_STRIP = NO;
				GCC_C_LANGUAGE_STANDARD = gnu99;
				GCC_DYNAMIC_NO_PIC = NO;
				GCC_OPTIMIZATION_LEVEL = 0;
				GCC_PREPROCESSOR_DEFINITIONS = (
					"DEBUG=1",
					"$(inherited)",
				);
				GCC_SYMBOLS_PRIVATE_EXTERN = NO;
				GCC_VERSION = com.apple.compilers.llvm.clang.1_0;
				GCC_WARN_ABOUT_RETURN_TYPE = YES;
				GCC_WARN_UNINITIALIZED_AUTOS = YES;
				GCC_WARN_UNUSED_VARIABLE = YES;
				IPHONEOS_DEPLOYMENT_TARGET = 5.1;
				SDKROOT = iphoneos;
				TARGETED_DEVICE_FAMILY = "1,2";
			};
			name = Debug;
		};
		527B775C1707CE68009D8187 /* Release */ = {
			isa = XCBuildConfiguration;
			buildSettings = {
				ALWAYS_SEARCH_USER_PATHS = NO;
				ARCHS = "$(ARCHS_STANDARD_32_BIT)";
				CLANG_ENABLE_OBJC_ARC = YES;
				CLANG_WARN_CONSTANT_CONVERSION = YES;
				CLANG_WARN_ENUM_CONVERSION = YES;
				CLANG_WARN_INT_CONVERSION = YES;
				CLANG_WARN__DUPLICATE_METHOD_MATCH = YES;
				"CODE_SIGN_IDENTITY[sdk=iphoneos*]" = "iPhone Developer";
				COPY_PHASE_STRIP = YES;
				GCC_C_LANGUAGE_STANDARD = gnu99;
				GCC_VERSION = com.apple.compilers.llvm.clang.1_0;
				GCC_WARN_ABOUT_RETURN_TYPE = YES;
				GCC_WARN_UNINITIALIZED_AUTOS = YES;
				GCC_WARN_UNUSED_VARIABLE = YES;
				IPHONEOS_DEPLOYMENT_TARGET = 5.1;
				OTHER_CFLAGS = "-DNS_BLOCK_ASSERTIONS=1";
				SDKROOT = iphoneos;
				TARGETED_DEVICE_FAMILY = "1,2";
				VALIDATE_PRODUCT = YES;
			};
			name = Release;
		};
		527B775E1707CE68009D8187 /* Debug */ = {
			isa = XCBuildConfiguration;
			buildSettings = {
				CODE_SIGN_IDENTITY = "iPhone Developer";
				"CODE_SIGN_IDENTITY[sdk=iphoneos*]" = "iPhone Developer";
				GCC_PRECOMPILE_PREFIX_HEADER = YES;
				GCC_PREFIX_HEADER = "2chCommentViewerApp/2chCommentViewerApp-Prefix.pch";
				INFOPLIST_FILE = "2chCommentViewerApp/2chCommentViewerApp-Info.plist";
				IPHONEOS_DEPLOYMENT_TARGET = 6.1;
				PRODUCT_NAME = "$(TARGET_NAME)";
				PROVISIONING_PROFILE = "";
				"PROVISIONING_PROFILE[sdk=iphoneos*]" = "";
				TARGETED_DEVICE_FAMILY = "1,2";
				WRAPPER_EXTENSION = app;
			};
			name = Debug;
		};
		527B775F1707CE68009D8187 /* Release */ = {
			isa = XCBuildConfiguration;
			buildSettings = {
				CODE_SIGN_IDENTITY = "iPhone Developer";
				"CODE_SIGN_IDENTITY[sdk=iphoneos*]" = "iPhone Developer";
				GCC_PRECOMPILE_PREFIX_HEADER = YES;
				GCC_PREFIX_HEADER = "2chCommentViewerApp/2chCommentViewerApp-Prefix.pch";
				INFOPLIST_FILE = "2chCommentViewerApp/2chCommentViewerApp-Info.plist";
				IPHONEOS_DEPLOYMENT_TARGET = 6.1;
				PRODUCT_NAME = "$(TARGET_NAME)";
				PROVISIONING_PROFILE = "";
				"PROVISIONING_PROFILE[sdk=iphoneos*]" = "";
				TARGETED_DEVICE_FAMILY = "1,2";
				WRAPPER_EXTENSION = app;
			};
			name = Release;
		};
		527B77611707CE68009D8187 /* Debug */ = {
			isa = XCBuildConfiguration;
			buildSettings = {
				BUNDLE_LOADER = "$(BUILT_PRODUCTS_DIR)/2chCommentViewerApp.app/2chCommentViewerApp";
				FRAMEWORK_SEARCH_PATHS = (
					"$(SDKROOT)/Developer/Library/Frameworks",
					"$(DEVELOPER_LIBRARY_DIR)/Frameworks",
				);
				GCC_PRECOMPILE_PREFIX_HEADER = YES;
				GCC_PREFIX_HEADER = "2chCommentViewerApp/2chCommentViewerApp-Prefix.pch";
				INFOPLIST_FILE = "2chCommentViewerAppTests/2chCommentViewerAppTests-Info.plist";
				PRODUCT_NAME = "$(TARGET_NAME)";
				TEST_HOST = "$(BUNDLE_LOADER)";
				WRAPPER_EXTENSION = octest;
			};
			name = Debug;
		};
		527B77621707CE68009D8187 /* Release */ = {
			isa = XCBuildConfiguration;
			buildSettings = {
				BUNDLE_LOADER = "$(BUILT_PRODUCTS_DIR)/2chCommentViewerApp.app/2chCommentViewerApp";
				FRAMEWORK_SEARCH_PATHS = (
					"$(SDKROOT)/Developer/Library/Frameworks",
					"$(DEVELOPER_LIBRARY_DIR)/Frameworks",
				);
				GCC_PRECOMPILE_PREFIX_HEADER = YES;
				GCC_PREFIX_HEADER = "2chCommentViewerApp/2chCommentViewerApp-Prefix.pch";
				INFOPLIST_FILE = "2chCommentViewerAppTests/2chCommentViewerAppTests-Info.plist";
				PRODUCT_NAME = "$(TARGET_NAME)";
				TEST_HOST = "$(BUNDLE_LOADER)";
				WRAPPER_EXTENSION = octest;
			};
			name = Release;
		};
/* End XCBuildConfiguration section */

/* Begin XCConfigurationList section */
		527B772A1707CE68009D8187 /* Build configuration list for PBXProject "2chCommentViewerApp" */ = {
			isa = XCConfigurationList;
			buildConfigurations = (
				527B775B1707CE68009D8187 /* Debug */,
				527B775C1707CE68009D8187 /* Release */,
			);
			defaultConfigurationIsVisible = 0;
			defaultConfigurationName = Release;
		};
		527B775D1707CE68009D8187 /* Build configuration list for PBXNativeTarget "2chCommentViewerApp" */ = {
			isa = XCConfigurationList;
			buildConfigurations = (
				527B775E1707CE68009D8187 /* Debug */,
				527B775F1707CE68009D8187 /* Release */,
			);
			defaultConfigurationIsVisible = 0;
			defaultConfigurationName = Release;
		};
		527B77601707CE68009D8187 /* Build configuration list for PBXNativeTarget "2chCommentViewerAppTests" */ = {
			isa = XCConfigurationList;
			buildConfigurations = (
				527B77611707CE68009D8187 /* Debug */,
				527B77621707CE68009D8187 /* Release */,
			);
			defaultConfigurationIsVisible = 0;
			defaultConfigurationName = Release;
		};
/* End XCConfigurationList section */
	};
	rootObject = 527B77271707CE68009D8187 /* Project object */;
}
